// !$*UTF8*$!
{
	archiveVersion = 1;
	classes = {
	};
	objectVersion = 56;
	objects = {

/* Begin PBXBuildFile section */
		15046D7829E9CE1500564385 /* AuthFlowIO.swift in Sources */ = {isa = PBXBuildFile; fileRef = 15046D7729E9CE1500564385 /* AuthFlowIO.swift */; };
		151A8C1929DA0867000F2830 /* LoginViewIO.swift in Sources */ = {isa = PBXBuildFile; fileRef = 151A8C1829DA0867000F2830 /* LoginViewIO.swift */; };
		151A8C1B29DA0D63000F2830 /* LoginPresenter.swift in Sources */ = {isa = PBXBuildFile; fileRef = 151A8C1A29DA0D63000F2830 /* LoginPresenter.swift */; };
		151A8C1D29DA0D8C000F2830 /* LoginViewController.swift in Sources */ = {isa = PBXBuildFile; fileRef = 151A8C1C29DA0D8C000F2830 /* LoginViewController.swift */; };
		151A8C2029DA1141000F2830 /* AuthorizationServiceProtocol.swift in Sources */ = {isa = PBXBuildFile; fileRef = 151A8C1F29DA1141000F2830 /* AuthorizationServiceProtocol.swift */; };
		151A8C2229DA1278000F2830 /* AuthorizationService.swift in Sources */ = {isa = PBXBuildFile; fileRef = 151A8C2129DA1278000F2830 /* AuthorizationService.swift */; };
		151A8C2629DA216D000F2830 /* SignUpViewController.swift in Sources */ = {isa = PBXBuildFile; fileRef = 151A8C2529DA216D000F2830 /* SignUpViewController.swift */; };
		151A8C2829DA2633000F2830 /* SignOutViewController.swift in Sources */ = {isa = PBXBuildFile; fileRef = 151A8C2729DA2633000F2830 /* SignOutViewController.swift */; };
		151A8C2A29DB0C80000F2830 /* AppCoordinator.swift in Sources */ = {isa = PBXBuildFile; fileRef = 151A8C2929DB0C80000F2830 /* AppCoordinator.swift */; };
		151A8C2C29DB1994000F2830 /* LoginModuleIO.swift in Sources */ = {isa = PBXBuildFile; fileRef = 151A8C2B29DB1994000F2830 /* LoginModuleIO.swift */; };
		15300DBB29F59F2C0060D765 /* Button.swift in Sources */ = {isa = PBXBuildFile; fileRef = 15300DBA29F59F2C0060D765 /* Button.swift */; };
		15300DBD29F5ACB10060D765 /* ChangePasswordViewController.swift in Sources */ = {isa = PBXBuildFile; fileRef = 15300DBC29F5ACB10060D765 /* ChangePasswordViewController.swift */; };
		15300DC229F64FD00060D765 /* ChangePasswordViewIO.swift in Sources */ = {isa = PBXBuildFile; fileRef = 15300DC129F64FD00060D765 /* ChangePasswordViewIO.swift */; };
		15300DC629F65EB60060D765 /* SignOutModuleIO.swift in Sources */ = {isa = PBXBuildFile; fileRef = 15300DC529F65EB60060D765 /* SignOutModuleIO.swift */; };
		15300DC729F665650060D765 /* ChangePasswordModuleBuilder.swift in Sources */ = {isa = PBXBuildFile; fileRef = 15300DC429F65DB00060D765 /* ChangePasswordModuleBuilder.swift */; };
		15300DC829F665680060D765 /* ChangePasswordPresenter.swift in Sources */ = {isa = PBXBuildFile; fileRef = 15300DC329F650AB0060D765 /* ChangePasswordPresenter.swift */; };
		153D987E29D5F5FF00141BCB /* AppDelegate.swift in Sources */ = {isa = PBXBuildFile; fileRef = 153D987D29D5F5FF00141BCB /* AppDelegate.swift */; };
		153D988029D5F5FF00141BCB /* SceneDelegate.swift in Sources */ = {isa = PBXBuildFile; fileRef = 153D987F29D5F5FF00141BCB /* SceneDelegate.swift */; };
		153D988729D5F60000141BCB /* Assets.xcassets in Resources */ = {isa = PBXBuildFile; fileRef = 153D988629D5F60000141BCB /* Assets.xcassets */; };
		153D988A29D5F60000141BCB /* LaunchScreen.storyboard in Resources */ = {isa = PBXBuildFile; fileRef = 153D988829D5F60000141BCB /* LaunchScreen.storyboard */; };
		154B604D29E70C60000FD3EC /* Coordinator.swift in Sources */ = {isa = PBXBuildFile; fileRef = 154B604C29E70C60000FD3EC /* Coordinator.swift */; };
		154B604F29E70E49000FD3EC /* AuthCoordinator.swift in Sources */ = {isa = PBXBuildFile; fileRef = 154B604E29E70E49000FD3EC /* AuthCoordinator.swift */; };
		154B605429E7E336000FD3EC /* BooksViewController.swift in Sources */ = {isa = PBXBuildFile; fileRef = 154B605329E7E336000FD3EC /* BooksViewController.swift */; };
		154B605A29E827AF000FD3EC /* MainTabBarController.swift in Sources */ = {isa = PBXBuildFile; fileRef = 154B605929E827AF000FD3EC /* MainTabBarController.swift */; };
		154B605C29E82A91000FD3EC /* BooksCoordinator.swift in Sources */ = {isa = PBXBuildFile; fileRef = 154B605B29E82A91000FD3EC /* BooksCoordinator.swift */; };
		154B605E29E82B08000FD3EC /* FavoriteCoordinator.swift in Sources */ = {isa = PBXBuildFile; fileRef = 154B605D29E82B08000FD3EC /* FavoriteCoordinator.swift */; };
		154B606029E82B32000FD3EC /* ProfileCoordinator.swift in Sources */ = {isa = PBXBuildFile; fileRef = 154B605F29E82B31000FD3EC /* ProfileCoordinator.swift */; };
		159C10A029E34BB800ABA0C9 /* LoginModuleBuilder.swift in Sources */ = {isa = PBXBuildFile; fileRef = 159C109F29E34BB800ABA0C9 /* LoginModuleBuilder.swift */; };
		159C10AD29E459BD00ABA0C9 /* SignOutModuleBuilder.swift in Sources */ = {isa = PBXBuildFile; fileRef = 159C10AC29E453DC00ABA0C9 /* SignOutModuleBuilder.swift */; };
		159C10AE29E459C500ABA0C9 /* SignUpModuleBuilder.swift in Sources */ = {isa = PBXBuildFile; fileRef = 159C10AB29E453AA00ABA0C9 /* SignUpModuleBuilder.swift */; };
		15B764E429FA5BAA00E8EA44 /* MockData.swift in Sources */ = {isa = PBXBuildFile; fileRef = 15B764E329FA5BAA00E8EA44 /* MockData.swift */; };
		15B764E729FA604900E8EA44 /* Book.swift in Sources */ = {isa = PBXBuildFile; fileRef = 15B764E629FA604900E8EA44 /* Book.swift */; };
		15B764E929FA63E600E8EA44 /* ListSection.swift in Sources */ = {isa = PBXBuildFile; fileRef = 15B764E829FA63E600E8EA44 /* ListSection.swift */; };
		15B764EC29FA76AF00E8EA44 /* NewCollectionViewCell.swift in Sources */ = {isa = PBXBuildFile; fileRef = 15B764EB29FA76AF00E8EA44 /* NewCollectionViewCell.swift */; };
		15B764EE29FA76BE00E8EA44 /* PopularCollectionViewCell.swift in Sources */ = {isa = PBXBuildFile; fileRef = 15B764ED29FA76BE00E8EA44 /* PopularCollectionViewCell.swift */; };
		15B764F029FA76CF00E8EA44 /* CategoryCollectionViewCell.swift in Sources */ = {isa = PBXBuildFile; fileRef = 15B764EF29FA76CF00E8EA44 /* CategoryCollectionViewCell.swift */; };
		15D5524929E310310073888B /* SignUpPresenter.swift in Sources */ = {isa = PBXBuildFile; fileRef = 15D5524829E310310073888B /* SignUpPresenter.swift */; };
		15D5524B29E310440073888B /* SignOutPresenter.swift in Sources */ = {isa = PBXBuildFile; fileRef = 15D5524A29E310440073888B /* SignOutPresenter.swift */; };
		15D5524D29E3107D0073888B /* SignUpViewIO.swift in Sources */ = {isa = PBXBuildFile; fileRef = 15D5524C29E3107D0073888B /* SignUpViewIO.swift */; };
		15D5524F29E311A00073888B /* SignUpModuleIO.swift in Sources */ = {isa = PBXBuildFile; fileRef = 15D5524E29E311A00073888B /* SignUpModuleIO.swift */; };
		15D5525129E333D30073888B /* ChangePasswordModuleIO.swift in Sources */ = {isa = PBXBuildFile; fileRef = 15D5525029E333D30073888B /* ChangePasswordModuleIO.swift */; };
		15D5525329E3344B0073888B /* SignOutViewIO.swift in Sources */ = {isa = PBXBuildFile; fileRef = 15D5525229E3344B0073888B /* SignOutViewIO.swift */; };
		15D621F429FC4FBA00D935FE /* FavoriteViewController.swift in Sources */ = {isa = PBXBuildFile; fileRef = 15D621F329FC4FBA00D935FE /* FavoriteViewController.swift */; };
		15D871B929D9D7D100B74A81 /* GoogleService-Info.plist in Resources */ = {isa = PBXBuildFile; fileRef = 15D871B829D9D7D100B74A81 /* GoogleService-Info.plist */; };
		67481667ADFE33E382F4DDD4 /* Pods_BooksApp.framework in Frameworks */ = {isa = PBXBuildFile; fileRef = AE858412584FDC7CFA83286B /* Pods_BooksApp.framework */; };
/* End PBXBuildFile section */

/* Begin PBXFileReference section */
		15046D7729E9CE1500564385 /* AuthFlowIO.swift */ = {isa = PBXFileReference; lastKnownFileType = sourcecode.swift; path = AuthFlowIO.swift; sourceTree = "<group>"; };
		151A8C1829DA0867000F2830 /* LoginViewIO.swift */ = {isa = PBXFileReference; lastKnownFileType = sourcecode.swift; path = LoginViewIO.swift; sourceTree = "<group>"; };
		151A8C1A29DA0D63000F2830 /* LoginPresenter.swift */ = {isa = PBXFileReference; lastKnownFileType = sourcecode.swift; path = LoginPresenter.swift; sourceTree = "<group>"; };
		151A8C1C29DA0D8C000F2830 /* LoginViewController.swift */ = {isa = PBXFileReference; lastKnownFileType = sourcecode.swift; path = LoginViewController.swift; sourceTree = "<group>"; };
		151A8C1F29DA1141000F2830 /* AuthorizationServiceProtocol.swift */ = {isa = PBXFileReference; lastKnownFileType = sourcecode.swift; path = AuthorizationServiceProtocol.swift; sourceTree = "<group>"; };
		151A8C2129DA1278000F2830 /* AuthorizationService.swift */ = {isa = PBXFileReference; lastKnownFileType = sourcecode.swift; path = AuthorizationService.swift; sourceTree = "<group>"; };
		151A8C2529DA216D000F2830 /* SignUpViewController.swift */ = {isa = PBXFileReference; lastKnownFileType = sourcecode.swift; path = SignUpViewController.swift; sourceTree = "<group>"; };
		151A8C2729DA2633000F2830 /* SignOutViewController.swift */ = {isa = PBXFileReference; lastKnownFileType = sourcecode.swift; path = SignOutViewController.swift; sourceTree = "<group>"; };
		151A8C2929DB0C80000F2830 /* AppCoordinator.swift */ = {isa = PBXFileReference; lastKnownFileType = sourcecode.swift; path = AppCoordinator.swift; sourceTree = "<group>"; };
		151A8C2B29DB1994000F2830 /* LoginModuleIO.swift */ = {isa = PBXFileReference; lastKnownFileType = sourcecode.swift; path = LoginModuleIO.swift; sourceTree = "<group>"; };
		15300DBA29F59F2C0060D765 /* Button.swift */ = {isa = PBXFileReference; lastKnownFileType = sourcecode.swift; path = Button.swift; sourceTree = "<group>"; };
		15300DBC29F5ACB10060D765 /* ChangePasswordViewController.swift */ = {isa = PBXFileReference; lastKnownFileType = sourcecode.swift; path = ChangePasswordViewController.swift; sourceTree = "<group>"; };
		15300DC129F64FD00060D765 /* ChangePasswordViewIO.swift */ = {isa = PBXFileReference; lastKnownFileType = sourcecode.swift; path = ChangePasswordViewIO.swift; sourceTree = "<group>"; };
		15300DC329F650AB0060D765 /* ChangePasswordPresenter.swift */ = {isa = PBXFileReference; lastKnownFileType = sourcecode.swift; path = ChangePasswordPresenter.swift; sourceTree = "<group>"; };
		15300DC429F65DB00060D765 /* ChangePasswordModuleBuilder.swift */ = {isa = PBXFileReference; lastKnownFileType = sourcecode.swift; path = ChangePasswordModuleBuilder.swift; sourceTree = "<group>"; };
		15300DC529F65EB60060D765 /* SignOutModuleIO.swift */ = {isa = PBXFileReference; lastKnownFileType = sourcecode.swift; path = SignOutModuleIO.swift; sourceTree = "<group>"; };
		153D987A29D5F5FF00141BCB /* BooksApp.app */ = {isa = PBXFileReference; explicitFileType = wrapper.application; includeInIndex = 0; path = BooksApp.app; sourceTree = BUILT_PRODUCTS_DIR; };
		153D987D29D5F5FF00141BCB /* AppDelegate.swift */ = {isa = PBXFileReference; lastKnownFileType = sourcecode.swift; path = AppDelegate.swift; sourceTree = "<group>"; };
		153D987F29D5F5FF00141BCB /* SceneDelegate.swift */ = {isa = PBXFileReference; lastKnownFileType = sourcecode.swift; path = SceneDelegate.swift; sourceTree = "<group>"; };
		153D988629D5F60000141BCB /* Assets.xcassets */ = {isa = PBXFileReference; lastKnownFileType = folder.assetcatalog; path = Assets.xcassets; sourceTree = "<group>"; };
		153D988929D5F60000141BCB /* Base */ = {isa = PBXFileReference; lastKnownFileType = file.storyboard; name = Base; path = Base.lproj/LaunchScreen.storyboard; sourceTree = "<group>"; };
		153D988B29D5F60000141BCB /* Info.plist */ = {isa = PBXFileReference; lastKnownFileType = text.plist.xml; path = Info.plist; sourceTree = "<group>"; };
		154B604C29E70C60000FD3EC /* Coordinator.swift */ = {isa = PBXFileReference; lastKnownFileType = sourcecode.swift; path = Coordinator.swift; sourceTree = "<group>"; };
		154B604E29E70E49000FD3EC /* AuthCoordinator.swift */ = {isa = PBXFileReference; lastKnownFileType = sourcecode.swift; path = AuthCoordinator.swift; sourceTree = "<group>"; };
		154B605329E7E336000FD3EC /* BooksViewController.swift */ = {isa = PBXFileReference; lastKnownFileType = sourcecode.swift; path = BooksViewController.swift; sourceTree = "<group>"; };
		154B605929E827AF000FD3EC /* MainTabBarController.swift */ = {isa = PBXFileReference; lastKnownFileType = sourcecode.swift; path = MainTabBarController.swift; sourceTree = "<group>"; };
		154B605B29E82A91000FD3EC /* BooksCoordinator.swift */ = {isa = PBXFileReference; lastKnownFileType = sourcecode.swift; path = BooksCoordinator.swift; sourceTree = "<group>"; };
		154B605D29E82B08000FD3EC /* FavoriteCoordinator.swift */ = {isa = PBXFileReference; lastKnownFileType = sourcecode.swift; path = FavoriteCoordinator.swift; sourceTree = "<group>"; };
		154B605F29E82B31000FD3EC /* ProfileCoordinator.swift */ = {isa = PBXFileReference; lastKnownFileType = sourcecode.swift; path = ProfileCoordinator.swift; sourceTree = "<group>"; };
		159C109F29E34BB800ABA0C9 /* LoginModuleBuilder.swift */ = {isa = PBXFileReference; lastKnownFileType = sourcecode.swift; path = LoginModuleBuilder.swift; sourceTree = "<group>"; };
		159C10AB29E453AA00ABA0C9 /* SignUpModuleBuilder.swift */ = {isa = PBXFileReference; lastKnownFileType = sourcecode.swift; path = SignUpModuleBuilder.swift; sourceTree = "<group>"; };
		159C10AC29E453DC00ABA0C9 /* SignOutModuleBuilder.swift */ = {isa = PBXFileReference; lastKnownFileType = sourcecode.swift; path = SignOutModuleBuilder.swift; sourceTree = "<group>"; };
		15B764E329FA5BAA00E8EA44 /* MockData.swift */ = {isa = PBXFileReference; lastKnownFileType = sourcecode.swift; path = MockData.swift; sourceTree = "<group>"; };
		15B764E629FA604900E8EA44 /* Book.swift */ = {isa = PBXFileReference; lastKnownFileType = sourcecode.swift; path = Book.swift; sourceTree = "<group>"; };
		15B764E829FA63E600E8EA44 /* ListSection.swift */ = {isa = PBXFileReference; lastKnownFileType = sourcecode.swift; path = ListSection.swift; sourceTree = "<group>"; };
		15B764EB29FA76AF00E8EA44 /* NewCollectionViewCell.swift */ = {isa = PBXFileReference; lastKnownFileType = sourcecode.swift; path = NewCollectionViewCell.swift; sourceTree = "<group>"; };
		15B764ED29FA76BE00E8EA44 /* PopularCollectionViewCell.swift */ = {isa = PBXFileReference; lastKnownFileType = sourcecode.swift; path = PopularCollectionViewCell.swift; sourceTree = "<group>"; };
		15B764EF29FA76CF00E8EA44 /* CategoryCollectionViewCell.swift */ = {isa = PBXFileReference; lastKnownFileType = sourcecode.swift; path = CategoryCollectionViewCell.swift; sourceTree = "<group>"; };
		15D5524829E310310073888B /* SignUpPresenter.swift */ = {isa = PBXFileReference; lastKnownFileType = sourcecode.swift; path = SignUpPresenter.swift; sourceTree = "<group>"; };
		15D5524A29E310440073888B /* SignOutPresenter.swift */ = {isa = PBXFileReference; lastKnownFileType = sourcecode.swift; path = SignOutPresenter.swift; sourceTree = "<group>"; };
		15D5524C29E3107D0073888B /* SignUpViewIO.swift */ = {isa = PBXFileReference; lastKnownFileType = sourcecode.swift; path = SignUpViewIO.swift; sourceTree = "<group>"; };
		15D5524E29E311A00073888B /* SignUpModuleIO.swift */ = {isa = PBXFileReference; lastKnownFileType = sourcecode.swift; path = SignUpModuleIO.swift; sourceTree = "<group>"; };
		15D5525029E333D30073888B /* ChangePasswordModuleIO.swift */ = {isa = PBXFileReference; lastKnownFileType = sourcecode.swift; path = ChangePasswordModuleIO.swift; sourceTree = "<group>"; };
		15D5525229E3344B0073888B /* SignOutViewIO.swift */ = {isa = PBXFileReference; lastKnownFileType = sourcecode.swift; path = SignOutViewIO.swift; sourceTree = "<group>"; };
		15D621F329FC4FBA00D935FE /* FavoriteViewController.swift */ = {isa = PBXFileReference; lastKnownFileType = sourcecode.swift; path = FavoriteViewController.swift; sourceTree = "<group>"; };
		15D871B829D9D7D100B74A81 /* GoogleService-Info.plist */ = {isa = PBXFileReference; fileEncoding = 4; lastKnownFileType = text.plist.xml; path = "GoogleService-Info.plist"; sourceTree = "<group>"; };
		55D74E3D5CFE846510040B84 /* Pods-BooksApp.debug.xcconfig */ = {isa = PBXFileReference; includeInIndex = 1; lastKnownFileType = text.xcconfig; name = "Pods-BooksApp.debug.xcconfig"; path = "Target Support Files/Pods-BooksApp/Pods-BooksApp.debug.xcconfig"; sourceTree = "<group>"; };
		770BE6F8A31929EB75550F40 /* Pods-BooksApp.release.xcconfig */ = {isa = PBXFileReference; includeInIndex = 1; lastKnownFileType = text.xcconfig; name = "Pods-BooksApp.release.xcconfig"; path = "Target Support Files/Pods-BooksApp/Pods-BooksApp.release.xcconfig"; sourceTree = "<group>"; };
		AE858412584FDC7CFA83286B /* Pods_BooksApp.framework */ = {isa = PBXFileReference; explicitFileType = wrapper.framework; includeInIndex = 0; path = Pods_BooksApp.framework; sourceTree = BUILT_PRODUCTS_DIR; };
/* End PBXFileReference section */

/* Begin PBXFrameworksBuildPhase section */
		153D987729D5F5FF00141BCB /* Frameworks */ = {
			isa = PBXFrameworksBuildPhase;
			buildActionMask = 2147483647;
			files = (
				67481667ADFE33E382F4DDD4 /* Pods_BooksApp.framework in Frameworks */,
			);
			runOnlyForDeploymentPostprocessing = 0;
		};
/* End PBXFrameworksBuildPhase section */

/* Begin PBXGroup section */
		150B705429ED7D6B00117ED6 /* Auth */ = {
			isa = PBXGroup;
			children = (
				15046D7729E9CE1500564385 /* AuthFlowIO.swift */,
				154B604E29E70E49000FD3EC /* AuthCoordinator.swift */,
			);
			path = Auth;
			sourceTree = "<group>";
		};
		150B705529ED7DA800117ED6 /* Main */ = {
			isa = PBXGroup;
			children = (
				154B605929E827AF000FD3EC /* MainTabBarController.swift */,
				154B605D29E82B08000FD3EC /* FavoriteCoordinator.swift */,
				154B605B29E82A91000FD3EC /* BooksCoordinator.swift */,
				154B605F29E82B31000FD3EC /* ProfileCoordinator.swift */,
			);
			path = Main;
			sourceTree = "<group>";
		};
		151A8C1429DA046F000F2830 /* Modules */ = {
			isa = PBXGroup;
			children = (
				154B605229E7E30D000FD3EC /* Books */,
				151A8C1529DA048A000F2830 /* Authorization */,
			);
			path = Modules;
			sourceTree = "<group>";
		};
		151A8C1529DA048A000F2830 /* Authorization */ = {
			isa = PBXGroup;
			children = (
				15300DBE29F64F870060D765 /* ChangePassword */,
				159C10A429E4513100ABA0C9 /* SignOut */,
				159C10A329E4512500ABA0C9 /* SignUp */,
				159C10A229E4511F00ABA0C9 /* Login */,
			);
			path = Authorization;
			sourceTree = "<group>";
		};
		151A8C1E29DA112B000F2830 /* Auth */ = {
			isa = PBXGroup;
			children = (
				151A8C1F29DA1141000F2830 /* AuthorizationServiceProtocol.swift */,
				151A8C2129DA1278000F2830 /* AuthorizationService.swift */,
			);
			path = Auth;
			sourceTree = "<group>";
		};
		15300DB929F59EEF0060D765 /* Common */ = {
			isa = PBXGroup;
			children = (
				15300DBA29F59F2C0060D765 /* Button.swift */,
			);
			path = Common;
			sourceTree = "<group>";
		};
		15300DBE29F64F870060D765 /* ChangePassword */ = {
			isa = PBXGroup;
			children = (
				15300DC429F65DB00060D765 /* ChangePasswordModuleBuilder.swift */,
				15300DC029F64FA40060D765 /* Presenter */,
				15300DBF29F64F980060D765 /* View */,
			);
			path = ChangePassword;
			sourceTree = "<group>";
		};
		15300DBF29F64F980060D765 /* View */ = {
			isa = PBXGroup;
			children = (
				15300DBC29F5ACB10060D765 /* ChangePasswordViewController.swift */,
				15300DC129F64FD00060D765 /* ChangePasswordViewIO.swift */,
			);
			path = View;
			sourceTree = "<group>";
		};
		15300DC029F64FA40060D765 /* Presenter */ = {
			isa = PBXGroup;
			children = (
				15300DC329F650AB0060D765 /* ChangePasswordPresenter.swift */,
				15D5525029E333D30073888B /* ChangePasswordModuleIO.swift */,
			);
			path = Presenter;
			sourceTree = "<group>";
		};
		153D987129D5F5FF00141BCB = {
			isa = PBXGroup;
			children = (
				153D987C29D5F5FF00141BCB /* BooksApp */,
				153D987B29D5F5FF00141BCB /* Products */,
				8B7E270AF1BBCA8D969EB171 /* Pods */,
				52A85B96CBFC2AFA47C77F96 /* Frameworks */,
			);
			sourceTree = "<group>";
		};
		153D987B29D5F5FF00141BCB /* Products */ = {
			isa = PBXGroup;
			children = (
				153D987A29D5F5FF00141BCB /* BooksApp.app */,
			);
			name = Products;
			sourceTree = "<group>";
		};
		153D987C29D5F5FF00141BCB /* BooksApp */ = {
			isa = PBXGroup;
			children = (
				15300DB929F59EEF0060D765 /* Common */,
				154B604B29E70C49000FD3EC /* Coordinators */,
				159C10A129E450AB00ABA0C9 /* Services */,
				151A8C1429DA046F000F2830 /* Modules */,
				153D987D29D5F5FF00141BCB /* AppDelegate.swift */,
				153D987F29D5F5FF00141BCB /* SceneDelegate.swift */,
				153D988629D5F60000141BCB /* Assets.xcassets */,
				153D988829D5F60000141BCB /* LaunchScreen.storyboard */,
				153D988B29D5F60000141BCB /* Info.plist */,
				15D871B829D9D7D100B74A81 /* GoogleService-Info.plist */,
			);
			path = BooksApp;
			sourceTree = "<group>";
		};
		154B604B29E70C49000FD3EC /* Coordinators */ = {
			isa = PBXGroup;
			children = (
				150B705529ED7DA800117ED6 /* Main */,
				150B705429ED7D6B00117ED6 /* Auth */,
				154B604C29E70C60000FD3EC /* Coordinator.swift */,
				151A8C2929DB0C80000F2830 /* AppCoordinator.swift */,
			);
			path = Coordinators;
			sourceTree = "<group>";
		};
		154B605229E7E30D000FD3EC /* Books */ = {
			isa = PBXGroup;
			children = (
				15B764E029FA5B2600E8EA44 /* Main */,
				15B764E129FA5B5200E8EA44 /* FavoriteBooks */,
			);
			path = Books;
			sourceTree = "<group>";
		};
		159C10A129E450AB00ABA0C9 /* Services */ = {
			isa = PBXGroup;
			children = (
				15B764E229FA5B9400E8EA44 /* Books */,
				151A8C1E29DA112B000F2830 /* Auth */,
			);
			path = Services;
			sourceTree = "<group>";
		};
		159C10A229E4511F00ABA0C9 /* Login */ = {
			isa = PBXGroup;
			children = (
				159C109F29E34BB800ABA0C9 /* LoginModuleBuilder.swift */,
				159C10AA29E4516D00ABA0C9 /* View */,
				159C10A529E4513F00ABA0C9 /* Presenter */,
			);
			path = Login;
			sourceTree = "<group>";
		};
		159C10A329E4512500ABA0C9 /* SignUp */ = {
			isa = PBXGroup;
			children = (
				159C10AB29E453AA00ABA0C9 /* SignUpModuleBuilder.swift */,
				159C10A929E4516B00ABA0C9 /* View */,
				159C10A629E4515D00ABA0C9 /* Presenter */,
			);
			path = SignUp;
			sourceTree = "<group>";
		};
		159C10A429E4513100ABA0C9 /* SignOut */ = {
			isa = PBXGroup;
			children = (
				159C10AC29E453DC00ABA0C9 /* SignOutModuleBuilder.swift */,
				159C10A829E4516500ABA0C9 /* View */,
				159C10A729E4515F00ABA0C9 /* Presenter */,
			);
			path = SignOut;
			sourceTree = "<group>";
		};
		159C10A529E4513F00ABA0C9 /* Presenter */ = {
			isa = PBXGroup;
			children = (
				151A8C1A29DA0D63000F2830 /* LoginPresenter.swift */,
				151A8C2B29DB1994000F2830 /* LoginModuleIO.swift */,
			);
			path = Presenter;
			sourceTree = "<group>";
		};
		159C10A629E4515D00ABA0C9 /* Presenter */ = {
			isa = PBXGroup;
			children = (
				15D5524829E310310073888B /* SignUpPresenter.swift */,
				15D5524E29E311A00073888B /* SignUpModuleIO.swift */,
			);
			path = Presenter;
			sourceTree = "<group>";
		};
		159C10A729E4515F00ABA0C9 /* Presenter */ = {
			isa = PBXGroup;
			children = (
				15300DC529F65EB60060D765 /* SignOutModuleIO.swift */,
				15D5524A29E310440073888B /* SignOutPresenter.swift */,
			);
			path = Presenter;
			sourceTree = "<group>";
		};
		159C10A829E4516500ABA0C9 /* View */ = {
			isa = PBXGroup;
			children = (
				151A8C2729DA2633000F2830 /* SignOutViewController.swift */,
				15D5525229E3344B0073888B /* SignOutViewIO.swift */,
			);
			path = View;
			sourceTree = "<group>";
		};
		159C10A929E4516B00ABA0C9 /* View */ = {
			isa = PBXGroup;
			children = (
				151A8C2529DA216D000F2830 /* SignUpViewController.swift */,
				15D5524C29E3107D0073888B /* SignUpViewIO.swift */,
			);
			path = View;
			sourceTree = "<group>";
		};
		159C10AA29E4516D00ABA0C9 /* View */ = {
			isa = PBXGroup;
			children = (
				151A8C1C29DA0D8C000F2830 /* LoginViewController.swift */,
				151A8C1829DA0867000F2830 /* LoginViewIO.swift */,
			);
			path = View;
			sourceTree = "<group>";
		};
		15B764E029FA5B2600E8EA44 /* Main */ = {
			isa = PBXGroup;
			children = (
				15B764EA29FA769100E8EA44 /* Cells */,
				15B764E529FA602B00E8EA44 /* View */,
				15B764E629FA604900E8EA44 /* Book.swift */,
				15B764E829FA63E600E8EA44 /* ListSection.swift */,
			);
			path = Main;
			sourceTree = "<group>";
		};
		15B764E129FA5B5200E8EA44 /* FavoriteBooks */ = {
			isa = PBXGroup;
			children = (
				15D621F329FC4FBA00D935FE /* FavoriteViewController.swift */,
			);
			path = FavoriteBooks;
			sourceTree = "<group>";
		};
		15B764E229FA5B9400E8EA44 /* Books */ = {
			isa = PBXGroup;
			children = (
				15B764E329FA5BAA00E8EA44 /* MockData.swift */,
			);
			path = Books;
			sourceTree = "<group>";
		};
		15B764E529FA602B00E8EA44 /* View */ = {
			isa = PBXGroup;
			children = (
				154B605329E7E336000FD3EC /* BooksViewController.swift */,
			);
			path = View;
			sourceTree = "<group>";
		};
		15B764EA29FA769100E8EA44 /* Cells */ = {
			isa = PBXGroup;
			children = (
				15B764EB29FA76AF00E8EA44 /* NewCollectionViewCell.swift */,
				15B764ED29FA76BE00E8EA44 /* PopularCollectionViewCell.swift */,
				15B764EF29FA76CF00E8EA44 /* CategoryCollectionViewCell.swift */,
			);
			path = Cells;
			sourceTree = "<group>";
		};
		52A85B96CBFC2AFA47C77F96 /* Frameworks */ = {
			isa = PBXGroup;
			children = (
				AE858412584FDC7CFA83286B /* Pods_BooksApp.framework */,
			);
			name = Frameworks;
			sourceTree = "<group>";
		};
		8B7E270AF1BBCA8D969EB171 /* Pods */ = {
			isa = PBXGroup;
			children = (
				55D74E3D5CFE846510040B84 /* Pods-BooksApp.debug.xcconfig */,
				770BE6F8A31929EB75550F40 /* Pods-BooksApp.release.xcconfig */,
			);
			path = Pods;
			sourceTree = "<group>";
		};
/* End PBXGroup section */

/* Begin PBXNativeTarget section */
		153D987929D5F5FF00141BCB /* BooksApp */ = {
			isa = PBXNativeTarget;
			buildConfigurationList = 153D988E29D5F60000141BCB /* Build configuration list for PBXNativeTarget "BooksApp" */;
			buildPhases = (
				E98C46CE92DDA154CA22F71F /* [CP] Check Pods Manifest.lock */,
				153D987629D5F5FF00141BCB /* Sources */,
				153D987729D5F5FF00141BCB /* Frameworks */,
				153D987829D5F5FF00141BCB /* Resources */,
				15A9037A29D5FC2200B4C2FC /* SwiftLint */,
				8B849EE64568D2AE8D21FEBC /* [CP] Embed Pods Frameworks */,
			);
			buildRules = (
			);
			dependencies = (
			);
			name = BooksApp;
			productName = BooksApp;
			productReference = 153D987A29D5F5FF00141BCB /* BooksApp.app */;
			productType = "com.apple.product-type.application";
		};
/* End PBXNativeTarget section */

/* Begin PBXProject section */
		153D987229D5F5FF00141BCB /* Project object */ = {
			isa = PBXProject;
			attributes = {
				BuildIndependentTargetsInParallel = 1;
				LastSwiftUpdateCheck = 1410;
				LastUpgradeCheck = 1410;
				TargetAttributes = {
					153D987929D5F5FF00141BCB = {
						CreatedOnToolsVersion = 14.1;
					};
				};
			};
			buildConfigurationList = 153D987529D5F5FF00141BCB /* Build configuration list for PBXProject "BooksApp" */;
			compatibilityVersion = "Xcode 14.0";
			developmentRegion = en;
			hasScannedForEncodings = 0;
			knownRegions = (
				en,
				Base,
			);
			mainGroup = 153D987129D5F5FF00141BCB;
			productRefGroup = 153D987B29D5F5FF00141BCB /* Products */;
			projectDirPath = "";
			projectRoot = "";
			targets = (
				153D987929D5F5FF00141BCB /* BooksApp */,
			);
		};
/* End PBXProject section */

/* Begin PBXResourcesBuildPhase section */
		153D987829D5F5FF00141BCB /* Resources */ = {
			isa = PBXResourcesBuildPhase;
			buildActionMask = 2147483647;
			files = (
				153D988A29D5F60000141BCB /* LaunchScreen.storyboard in Resources */,
				15D871B929D9D7D100B74A81 /* GoogleService-Info.plist in Resources */,
				153D988729D5F60000141BCB /* Assets.xcassets in Resources */,
			);
			runOnlyForDeploymentPostprocessing = 0;
		};
/* End PBXResourcesBuildPhase section */

/* Begin PBXShellScriptBuildPhase section */
		15A9037A29D5FC2200B4C2FC /* SwiftLint */ = {
			isa = PBXShellScriptBuildPhase;
			alwaysOutOfDate = 1;
			buildActionMask = 2147483647;
			files = (
			);
			inputFileListPaths = (
			);
			inputPaths = (
			);
			name = SwiftLint;
			outputFileListPaths = (
			);
			outputPaths = (
			);
			runOnlyForDeploymentPostprocessing = 0;
			shellPath = /bin/sh;
			shellScript = "\"${PODS_ROOT}/SwiftLint/swiftlint\"\n";
		};
		8B849EE64568D2AE8D21FEBC /* [CP] Embed Pods Frameworks */ = {
			isa = PBXShellScriptBuildPhase;
			buildActionMask = 2147483647;
			files = (
			);
			inputFileListPaths = (
				"${PODS_ROOT}/Target Support Files/Pods-BooksApp/Pods-BooksApp-frameworks-${CONFIGURATION}-input-files.xcfilelist",
			);
			name = "[CP] Embed Pods Frameworks";
			outputFileListPaths = (
				"${PODS_ROOT}/Target Support Files/Pods-BooksApp/Pods-BooksApp-frameworks-${CONFIGURATION}-output-files.xcfilelist",
			);
			runOnlyForDeploymentPostprocessing = 0;
			shellPath = /bin/sh;
			shellScript = "\"${PODS_ROOT}/Target Support Files/Pods-BooksApp/Pods-BooksApp-frameworks.sh\"\n";
			showEnvVarsInLog = 0;
		};
		E98C46CE92DDA154CA22F71F /* [CP] Check Pods Manifest.lock */ = {
			isa = PBXShellScriptBuildPhase;
			buildActionMask = 2147483647;
			files = (
			);
			inputFileListPaths = (
			);
			inputPaths = (
				"${PODS_PODFILE_DIR_PATH}/Podfile.lock",
				"${PODS_ROOT}/Manifest.lock",
			);
			name = "[CP] Check Pods Manifest.lock";
			outputFileListPaths = (
			);
			outputPaths = (
				"$(DERIVED_FILE_DIR)/Pods-BooksApp-checkManifestLockResult.txt",
			);
			runOnlyForDeploymentPostprocessing = 0;
			shellPath = /bin/sh;
			shellScript = "diff \"${PODS_PODFILE_DIR_PATH}/Podfile.lock\" \"${PODS_ROOT}/Manifest.lock\" > /dev/null\nif [ $? != 0 ] ; then\n    # print error to STDERR\n    echo \"error: The sandbox is not in sync with the Podfile.lock. Run 'pod install' or update your CocoaPods installation.\" >&2\n    exit 1\nfi\n# This output is used by Xcode 'outputs' to avoid re-running this script phase.\necho \"SUCCESS\" > \"${SCRIPT_OUTPUT_FILE_0}\"\n";
			showEnvVarsInLog = 0;
		};
/* End PBXShellScriptBuildPhase section */

/* Begin PBXSourcesBuildPhase section */
		153D987629D5F5FF00141BCB /* Sources */ = {
			isa = PBXSourcesBuildPhase;
			buildActionMask = 2147483647;
			files = (
				15B764E729FA604900E8EA44 /* Book.swift in Sources */,
				15046D7829E9CE1500564385 /* AuthFlowIO.swift in Sources */,
				15D5524D29E3107D0073888B /* SignUpViewIO.swift in Sources */,
				15300DBD29F5ACB10060D765 /* ChangePasswordViewController.swift in Sources */,
				151A8C1D29DA0D8C000F2830 /* LoginViewController.swift in Sources */,
				154B606029E82B32000FD3EC /* ProfileCoordinator.swift in Sources */,
				154B604D29E70C60000FD3EC /* Coordinator.swift in Sources */,
				151A8C2229DA1278000F2830 /* AuthorizationService.swift in Sources */,
				15D5525129E333D30073888B /* ChangePasswordModuleIO.swift in Sources */,
				15B764EC29FA76AF00E8EA44 /* NewCollectionViewCell.swift in Sources */,
				151A8C2A29DB0C80000F2830 /* AppCoordinator.swift in Sources */,
				154B604F29E70E49000FD3EC /* AuthCoordinator.swift in Sources */,
				15B764EE29FA76BE00E8EA44 /* PopularCollectionViewCell.swift in Sources */,
				15300DC229F64FD00060D765 /* ChangePasswordViewIO.swift in Sources */,
				15300DC629F65EB60060D765 /* SignOutModuleIO.swift in Sources */,
				151A8C2C29DB1994000F2830 /* LoginModuleIO.swift in Sources */,
				15B764E429FA5BAA00E8EA44 /* MockData.swift in Sources */,
				151A8C2829DA2633000F2830 /* SignOutViewController.swift in Sources */,
				15300DC829F665680060D765 /* ChangePasswordPresenter.swift in Sources */,
				159C10A029E34BB800ABA0C9 /* LoginModuleBuilder.swift in Sources */,
				151A8C2029DA1141000F2830 /* AuthorizationServiceProtocol.swift in Sources */,
				15D5524B29E310440073888B /* SignOutPresenter.swift in Sources */,
				15D5524929E310310073888B /* SignUpPresenter.swift in Sources */,
				154B605C29E82A91000FD3EC /* BooksCoordinator.swift in Sources */,
				15D621F429FC4FBA00D935FE /* FavoriteViewController.swift in Sources */,
				151A8C1B29DA0D63000F2830 /* LoginPresenter.swift in Sources */,
				153D987E29D5F5FF00141BCB /* AppDelegate.swift in Sources */,
				15B764E929FA63E600E8EA44 /* ListSection.swift in Sources */,
				151A8C2629DA216D000F2830 /* SignUpViewController.swift in Sources */,
				154B605429E7E336000FD3EC /* BooksViewController.swift in Sources */,
				15D5525329E3344B0073888B /* SignOutViewIO.swift in Sources */,
				151A8C1929DA0867000F2830 /* LoginViewIO.swift in Sources */,
				15D5524F29E311A00073888B /* SignUpModuleIO.swift in Sources */,
				153D988029D5F5FF00141BCB /* SceneDelegate.swift in Sources */,
				15300DBB29F59F2C0060D765 /* Button.swift in Sources */,
				159C10AD29E459BD00ABA0C9 /* SignOutModuleBuilder.swift in Sources */,
				154B605E29E82B08000FD3EC /* FavoriteCoordinator.swift in Sources */,
				154B605A29E827AF000FD3EC /* MainTabBarController.swift in Sources */,
				15300DC729F665650060D765 /* ChangePasswordModuleBuilder.swift in Sources */,
				15B764F029FA76CF00E8EA44 /* CategoryCollectionViewCell.swift in Sources */,
				159C10AE29E459C500ABA0C9 /* SignUpModuleBuilder.swift in Sources */,
			);
			runOnlyForDeploymentPostprocessing = 0;
		};
/* End PBXSourcesBuildPhase section */

/* Begin PBXVariantGroup section */
		153D988829D5F60000141BCB /* LaunchScreen.storyboard */ = {
			isa = PBXVariantGroup;
			children = (
				153D988929D5F60000141BCB /* Base */,
			);
			name = LaunchScreen.storyboard;
			sourceTree = "<group>";
		};
/* End PBXVariantGroup section */

/* Begin XCBuildConfiguration section */
		153D988C29D5F60000141BCB /* Debug */ = {
			isa = XCBuildConfiguration;
			buildSettings = {
				ALWAYS_SEARCH_USER_PATHS = NO;
				CLANG_ANALYZER_NONNULL = YES;
				CLANG_ANALYZER_NUMBER_OBJECT_CONVERSION = YES_AGGRESSIVE;
				CLANG_CXX_LANGUAGE_STANDARD = "gnu++20";
				CLANG_ENABLE_MODULES = YES;
				CLANG_ENABLE_OBJC_ARC = YES;
				CLANG_ENABLE_OBJC_WEAK = YES;
				CLANG_WARN_BLOCK_CAPTURE_AUTORELEASING = YES;
				CLANG_WARN_BOOL_CONVERSION = YES;
				CLANG_WARN_COMMA = YES;
				CLANG_WARN_CONSTANT_CONVERSION = YES;
				CLANG_WARN_DEPRECATED_OBJC_IMPLEMENTATIONS = YES;
				CLANG_WARN_DIRECT_OBJC_ISA_USAGE = YES_ERROR;
				CLANG_WARN_DOCUMENTATION_COMMENTS = YES;
				CLANG_WARN_EMPTY_BODY = YES;
				CLANG_WARN_ENUM_CONVERSION = YES;
				CLANG_WARN_INFINITE_RECURSION = YES;
				CLANG_WARN_INT_CONVERSION = YES;
				CLANG_WARN_NON_LITERAL_NULL_CONVERSION = YES;
				CLANG_WARN_OBJC_IMPLICIT_RETAIN_SELF = YES;
				CLANG_WARN_OBJC_LITERAL_CONVERSION = YES;
				CLANG_WARN_OBJC_ROOT_CLASS = YES_ERROR;
				CLANG_WARN_QUOTED_INCLUDE_IN_FRAMEWORK_HEADER = YES;
				CLANG_WARN_RANGE_LOOP_ANALYSIS = YES;
				CLANG_WARN_STRICT_PROTOTYPES = YES;
				CLANG_WARN_SUSPICIOUS_MOVE = YES;
				CLANG_WARN_UNGUARDED_AVAILABILITY = YES_AGGRESSIVE;
				CLANG_WARN_UNREACHABLE_CODE = YES;
				CLANG_WARN__DUPLICATE_METHOD_MATCH = YES;
				COPY_PHASE_STRIP = NO;
				DEBUG_INFORMATION_FORMAT = dwarf;
				ENABLE_STRICT_OBJC_MSGSEND = YES;
				ENABLE_TESTABILITY = YES;
				GCC_C_LANGUAGE_STANDARD = gnu11;
				GCC_DYNAMIC_NO_PIC = NO;
				GCC_NO_COMMON_BLOCKS = YES;
				GCC_OPTIMIZATION_LEVEL = 0;
				GCC_PREPROCESSOR_DEFINITIONS = (
					"DEBUG=1",
					"$(inherited)",
				);
				GCC_WARN_64_TO_32_BIT_CONVERSION = YES;
				GCC_WARN_ABOUT_RETURN_TYPE = YES_ERROR;
				GCC_WARN_UNDECLARED_SELECTOR = YES;
				GCC_WARN_UNINITIALIZED_AUTOS = YES_AGGRESSIVE;
				GCC_WARN_UNUSED_FUNCTION = YES;
				GCC_WARN_UNUSED_VARIABLE = YES;
				IPHONEOS_DEPLOYMENT_TARGET = 13.0;
				MTL_ENABLE_DEBUG_INFO = INCLUDE_SOURCE;
				MTL_FAST_MATH = YES;
				ONLY_ACTIVE_ARCH = YES;
				SDKROOT = iphoneos;
				SWIFT_ACTIVE_COMPILATION_CONDITIONS = DEBUG;
				SWIFT_OPTIMIZATION_LEVEL = "-Onone";
			};
			name = Debug;
		};
		153D988D29D5F60000141BCB /* Release */ = {
			isa = XCBuildConfiguration;
			buildSettings = {
				ALWAYS_SEARCH_USER_PATHS = NO;
				CLANG_ANALYZER_NONNULL = YES;
				CLANG_ANALYZER_NUMBER_OBJECT_CONVERSION = YES_AGGRESSIVE;
				CLANG_CXX_LANGUAGE_STANDARD = "gnu++20";
				CLANG_ENABLE_MODULES = YES;
				CLANG_ENABLE_OBJC_ARC = YES;
				CLANG_ENABLE_OBJC_WEAK = YES;
				CLANG_WARN_BLOCK_CAPTURE_AUTORELEASING = YES;
				CLANG_WARN_BOOL_CONVERSION = YES;
				CLANG_WARN_COMMA = YES;
				CLANG_WARN_CONSTANT_CONVERSION = YES;
				CLANG_WARN_DEPRECATED_OBJC_IMPLEMENTATIONS = YES;
				CLANG_WARN_DIRECT_OBJC_ISA_USAGE = YES_ERROR;
				CLANG_WARN_DOCUMENTATION_COMMENTS = YES;
				CLANG_WARN_EMPTY_BODY = YES;
				CLANG_WARN_ENUM_CONVERSION = YES;
				CLANG_WARN_INFINITE_RECURSION = YES;
				CLANG_WARN_INT_CONVERSION = YES;
				CLANG_WARN_NON_LITERAL_NULL_CONVERSION = YES;
				CLANG_WARN_OBJC_IMPLICIT_RETAIN_SELF = YES;
				CLANG_WARN_OBJC_LITERAL_CONVERSION = YES;
				CLANG_WARN_OBJC_ROOT_CLASS = YES_ERROR;
				CLANG_WARN_QUOTED_INCLUDE_IN_FRAMEWORK_HEADER = YES;
				CLANG_WARN_RANGE_LOOP_ANALYSIS = YES;
				CLANG_WARN_STRICT_PROTOTYPES = YES;
				CLANG_WARN_SUSPICIOUS_MOVE = YES;
				CLANG_WARN_UNGUARDED_AVAILABILITY = YES_AGGRESSIVE;
				CLANG_WARN_UNREACHABLE_CODE = YES;
				CLANG_WARN__DUPLICATE_METHOD_MATCH = YES;
				COPY_PHASE_STRIP = NO;
				DEBUG_INFORMATION_FORMAT = "dwarf-with-dsym";
				ENABLE_NS_ASSERTIONS = NO;
				ENABLE_STRICT_OBJC_MSGSEND = YES;
				GCC_C_LANGUAGE_STANDARD = gnu11;
				GCC_NO_COMMON_BLOCKS = YES;
				GCC_WARN_64_TO_32_BIT_CONVERSION = YES;
				GCC_WARN_ABOUT_RETURN_TYPE = YES_ERROR;
				GCC_WARN_UNDECLARED_SELECTOR = YES;
				GCC_WARN_UNINITIALIZED_AUTOS = YES_AGGRESSIVE;
				GCC_WARN_UNUSED_FUNCTION = YES;
				GCC_WARN_UNUSED_VARIABLE = YES;
				IPHONEOS_DEPLOYMENT_TARGET = 13.0;
				MTL_ENABLE_DEBUG_INFO = NO;
				MTL_FAST_MATH = YES;
				SDKROOT = iphoneos;
				SWIFT_COMPILATION_MODE = wholemodule;
				SWIFT_OPTIMIZATION_LEVEL = "-O";
				VALIDATE_PRODUCT = YES;
			};
			name = Release;
		};
		153D988F29D5F60000141BCB /* Debug */ = {
			isa = XCBuildConfiguration;
			baseConfigurationReference = 55D74E3D5CFE846510040B84 /* Pods-BooksApp.debug.xcconfig */;
			buildSettings = {
				ASSETCATALOG_COMPILER_APPICON_NAME = AppIcon;
				ASSETCATALOG_COMPILER_GLOBAL_ACCENT_COLOR_NAME = AccentColor;
				CODE_SIGN_STYLE = Automatic;
				CURRENT_PROJECT_VERSION = 1;
				DEVELOPMENT_TEAM = J75R88STH9;
				GENERATE_INFOPLIST_FILE = YES;
				INFOPLIST_FILE = BooksApp/Info.plist;
				INFOPLIST_KEY_UIApplicationSupportsIndirectInputEvents = YES;
				INFOPLIST_KEY_UILaunchStoryboardName = LaunchScreen;
				INFOPLIST_KEY_UISupportedInterfaceOrientations_iPad = "UIInterfaceOrientationPortrait UIInterfaceOrientationPortraitUpsideDown UIInterfaceOrientationLandscapeLeft UIInterfaceOrientationLandscapeRight";
				INFOPLIST_KEY_UISupportedInterfaceOrientations_iPhone = "UIInterfaceOrientationPortrait UIInterfaceOrientationLandscapeLeft UIInterfaceOrientationLandscapeRight";
				LD_RUNPATH_SEARCH_PATHS = (
					"$(inherited)",
					"@executable_path/Frameworks",
				);
				MARKETING_VERSION = 1.0;
				PRODUCT_BUNDLE_IDENTIFIER = classwork.BooksApp;
				PRODUCT_NAME = "$(TARGET_NAME)";
				SWIFT_EMIT_LOC_STRINGS = YES;
				SWIFT_VERSION = 5.0;
				TARGETED_DEVICE_FAMILY = "1,2";
			};
			name = Debug;
		};
		153D989029D5F60000141BCB /* Release */ = {
			isa = XCBuildConfiguration;
			baseConfigurationReference = 770BE6F8A31929EB75550F40 /* Pods-BooksApp.release.xcconfig */;
			buildSettings = {
				ASSETCATALOG_COMPILER_APPICON_NAME = AppIcon;
				ASSETCATALOG_COMPILER_GLOBAL_ACCENT_COLOR_NAME = AccentColor;
				CODE_SIGN_STYLE = Automatic;
				CURRENT_PROJECT_VERSION = 1;
				DEVELOPMENT_TEAM = J75R88STH9;
				GENERATE_INFOPLIST_FILE = YES;
				INFOPLIST_FILE = BooksApp/Info.plist;
				INFOPLIST_KEY_UIApplicationSupportsIndirectInputEvents = YES;
				INFOPLIST_KEY_UILaunchStoryboardName = LaunchScreen;
				INFOPLIST_KEY_UISupportedInterfaceOrientations_iPad = "UIInterfaceOrientationPortrait UIInterfaceOrientationPortraitUpsideDown UIInterfaceOrientationLandscapeLeft UIInterfaceOrientationLandscapeRight";
				INFOPLIST_KEY_UISupportedInterfaceOrientations_iPhone = "UIInterfaceOrientationPortrait UIInterfaceOrientationLandscapeLeft UIInterfaceOrientationLandscapeRight";
				LD_RUNPATH_SEARCH_PATHS = (
					"$(inherited)",
					"@executable_path/Frameworks",
				);
				MARKETING_VERSION = 1.0;
				PRODUCT_BUNDLE_IDENTIFIER = classwork.BooksApp;
				PRODUCT_NAME = "$(TARGET_NAME)";
				SWIFT_EMIT_LOC_STRINGS = YES;
				SWIFT_VERSION = 5.0;
				TARGETED_DEVICE_FAMILY = "1,2";
			};
			name = Release;
		};
/* End XCBuildConfiguration section */

/* Begin XCConfigurationList section */
		153D987529D5F5FF00141BCB /* Build configuration list for PBXProject "BooksApp" */ = {
			isa = XCConfigurationList;
			buildConfigurations = (
				153D988C29D5F60000141BCB /* Debug */,
				153D988D29D5F60000141BCB /* Release */,
			);
			defaultConfigurationIsVisible = 0;
			defaultConfigurationName = Release;
		};
		153D988E29D5F60000141BCB /* Build configuration list for PBXNativeTarget "BooksApp" */ = {
			isa = XCConfigurationList;
			buildConfigurations = (
				153D988F29D5F60000141BCB /* Debug */,
				153D989029D5F60000141BCB /* Release */,
			);
			defaultConfigurationIsVisible = 0;
			defaultConfigurationName = Release;
		};
/* End XCConfigurationList section */
	};
	rootObject = 153D987229D5F5FF00141BCB /* Project object */;
}
